Microsoft Visual Studio Solution File, Format Version 11.00
# Visual Studio 2008

Project("{CC84557C-F181-3C5E-5D78-78939EB4CC80}") = "SDK Docs Follow Along", "Assembly-CSharp-firstpass-vs.csproj", "{2CBAB386-7EFC-6879-299A-F42F62EACEE6}"
EndProject
Project("{CC84557C-F181-3C5E-5D78-78939EB4CC80}") = "SDK Docs Follow Along", "Assembly-CSharp-vs.csproj", "{1313070B-D765-2142-111E-D9743A1EFFA8}"
EndProject
Project("{CC84557C-F181-3C5E-5D78-78939EB4CC80}") = "SDK Docs Follow Along", "Assembly-CSharp-Editor-vs.csproj", "{869DF43F-163A-39A1-171E-F2D4595A6230}"
EndProject
Global
	GlobalSection(SolutionConfigurationPlatforms) = preSolution
		Debug|Any CPU = Debug|Any CPU
		Release|Any CPU = Release|Any CPU
	EndGlobalSection
	GlobalSection(ProjectConfigurationPlatforms) = postSolution
		{2CBAB386-7EFC-6879-299A-F42F62EACEE6}.Debug|Any CPU.ActiveCfg = Debug|Any CPU
		{2CBAB386-7EFC-6879-299A-F42F62EACEE6}.Debug|Any CPU.Build.0 = Debug|Any CPU
		{2CBAB386-7EFC-6879-299A-F42F62EACEE6}.Release|Any CPU.ActiveCfg = Release|Any CPU
		{2CBAB386-7EFC-6879-299A-F42F62EACEE6}.Release|Any CPU.Build.0 = Release|Any CPU
		{1313070B-D765-2142-111E-D9743A1EFFA8}.Debug|Any CPU.ActiveCfg = Debug|Any CPU
		{1313070B-D765-2142-111E-D9743A1EFFA8}.Debug|Any CPU.Build.0 = Debug|Any CPU
		{1313070B-D765-2142-111E-D9743A1EFFA8}.Release|Any CPU.ActiveCfg = Release|Any CPU
		{1313070B-D765-2142-111E-D9743A1EFFA8}.Release|Any CPU.Build.0 = Release|Any CPU
		{869DF43F-163A-39A1-171E-F2D4595A6230}.Debug|Any CPU.ActiveCfg = Debug|Any CPU
		{869DF43F-163A-39A1-171E-F2D4595A6230}.Debug|Any CPU.Build.0 = Debug|Any CPU
		{869DF43F-163A-39A1-171E-F2D4595A6230}.Release|Any CPU.ActiveCfg = Release|Any CPU
		{869DF43F-163A-39A1-171E-F2D4595A6230}.Release|Any CPU.Build.0 = Release|Any CPU
	EndGlobalSection
	GlobalSection(SolutionProperties) = preSolution
		HideSolutionNode = FALSE
	EndGlobalSection
																																																																																													GlobalSection(MonoDevelopProperties) = preSolution
		StartupItem = Assembly-CSharp.csproj
		Policies = $0
		$0.TextStylePolicy = $1
		$1.inheritsSet = null
		$1.scope = text/x-csharp
		$0.CSharpFormattingPolicy = $2
		$2.inheritsSet = Mono
		$2.inheritsScope = text/x-csharp
		$2.scope = text/x-csharp
		$0.TextStylePolicy = $3
		$3.FileWidth = 120
		$3.TabWidth = 4
		$3.EolMarker = Unix
		$3.inheritsSet = Mono
		$3.inheritsScope = text/plain
		$3.scope = text/plain
	EndGlobalSection

EndGlobal
