Microsoft Visual Studio Solution File, Format Version 11.00
# Visual Studio 2008

Project("{69B87650-E6EC-20CE-A7A9-DBD1681276F5}") = "SDK-Docs-Follow-Along", "Assembly-CSharp-firstpass.csproj", "{8DE3059E-B607-7785-92FE-A66E6BE9DDB3}"
EndProject
Project("{69B87650-E6EC-20CE-A7A9-DBD1681276F5}") = "SDK-Docs-Follow-Along", "Assembly-CSharp.csproj", "{ECAD6988-4B77-F53E-ED50-4300ED37F9C5}"
EndProject
Project("{69B87650-E6EC-20CE-A7A9-DBD1681276F5}") = "SDK-Docs-Follow-Along", "Assembly-CSharp-Editor.csproj", "{E321EA31-783E-0A62-13FA-7982E14BC512}"
EndProject
Global
	GlobalSection(SolutionConfigurationPlatforms) = preSolution
		Debug|Any CPU = Debug|Any CPU
		Release|Any CPU = Release|Any CPU
	EndGlobalSection
	GlobalSection(ProjectConfigurationPlatforms) = postSolution
		{8DE3059E-B607-7785-92FE-A66E6BE9DDB3}.Debug|Any CPU.ActiveCfg = Debug|Any CPU
		{8DE3059E-B607-7785-92FE-A66E6BE9DDB3}.Debug|Any CPU.Build.0 = Debug|Any CPU
		{8DE3059E-B607-7785-92FE-A66E6BE9DDB3}.Release|Any CPU.ActiveCfg = Release|Any CPU
		{8DE3059E-B607-7785-92FE-A66E6BE9DDB3}.Release|Any CPU.Build.0 = Release|Any CPU
		{ECAD6988-4B77-F53E-ED50-4300ED37F9C5}.Debug|Any CPU.ActiveCfg = Debug|Any CPU
		{ECAD6988-4B77-F53E-ED50-4300ED37F9C5}.Debug|Any CPU.Build.0 = Debug|Any CPU
		{ECAD6988-4B77-F53E-ED50-4300ED37F9C5}.Release|Any CPU.ActiveCfg = Release|Any CPU
		{ECAD6988-4B77-F53E-ED50-4300ED37F9C5}.Release|Any CPU.Build.0 = Release|Any CPU
		{E321EA31-783E-0A62-13FA-7982E14BC512}.Debug|Any CPU.ActiveCfg = Debug|Any CPU
		{E321EA31-783E-0A62-13FA-7982E14BC512}.Debug|Any CPU.Build.0 = Debug|Any CPU
		{E321EA31-783E-0A62-13FA-7982E14BC512}.Release|Any CPU.ActiveCfg = Release|Any CPU
		{E321EA31-783E-0A62-13FA-7982E14BC512}.Release|Any CPU.Build.0 = Release|Any CPU
	EndGlobalSection
	GlobalSection(SolutionProperties) = preSolution
		HideSolutionNode = FALSE
	EndGlobalSection
						GlobalSection(MonoDevelopProperties) = preSolution
		StartupItem = Assembly-CSharp.csproj
		Policies = $0
		$0.TextStylePolicy = $1
		$1.inheritsSet = null
		$1.scope = text/x-csharp
		$0.CSharpFormattingPolicy = $2
		$2.inheritsSet = Mono
		$2.inheritsScope = text/x-csharp
		$2.scope = text/x-csharp
		$0.TextStylePolicy = $3
		$3.FileWidth = 120
		$3.TabWidth = 4
		$3.EolMarker = Unix
		$3.inheritsSet = Mono
		$3.inheritsScope = text/plain
		$3.scope = text/plain
	EndGlobalSection

EndGlobal
